
Microsoft Visual Studio Solution File, Format Version 12.00
# Visual Studio Version 16
VisualStudioVersion = 16.0.32106.194
MinimumVisualStudioVersion = 10.0.40219.1
Project("{FAE04EC0-301F-11D3-BF4B-00C04F79EFBC}") = "AlteredCarbon", "AlteredCarbon\AlteredCarbon.csproj", "{63E4C4AF-4F82-4B1E-8707-05440C08CECB}"
EndProject
Project("{FAE04EC0-301F-11D3-BF4B-00C04F79EFBC}") = "Bookstore.Core", "Bookstore\Bookstore.Core.csproj", "{77F14739-CDE7-4D1B-B06B-64CC64641081}"
EndProject
Global
	GlobalSection(SolutionConfigurationPlatforms) = preSolution
		Debug|Any CPU = Debug|Any CPU
		Release|Any CPU = Release|Any CPU
	EndGlobalSection
	GlobalSection(ProjectConfigurationPlatforms) = postSolution
		{63E4C4AF-4F82-4B1E-8707-05440C08CECB}.Debug|Any CPU.ActiveCfg = Debug|Any CPU
		{63E4C4AF-4F82-4B1E-8707-05440C08CECB}.Debug|Any CPU.Build.0 = Debug|Any CPU
		{63E4C4AF-4F82-4B1E-8707-05440C08CECB}.Release|Any CPU.ActiveCfg = Release|Any CPU
		{63E4C4AF-4F82-4B1E-8707-05440C08CECB}.Release|Any CPU.Build.0 = Release|Any CPU
		{77F14739-CDE7-4D1B-B06B-64CC64641081}.Debug|Any CPU.ActiveCfg = Debug|Any CPU
		{77F14739-CDE7-4D1B-B06B-64CC64641081}.Debug|Any CPU.Build.0 = Debug|Any CPU
		{77F14739-CDE7-4D1B-B06B-64CC64641081}.Release|Any CPU.ActiveCfg = Release|Any CPU
		{77F14739-CDE7-4D1B-B06B-64CC64641081}.Release|Any CPU.Build.0 = Release|Any CPU
	EndGlobalSection
	GlobalSection(SolutionProperties) = preSolution
		HideSolutionNode = FALSE
	EndGlobalSection
	GlobalSection(ExtensibilityGlobals) = postSolution
		SolutionGuid = {56FFB662-4131-4FCF-A4A0-42D949EF7FB2}
	EndGlobalSection
EndGlobal
